
Microsoft Visual Studio Solution File, Format Version 12.00
# Visual Studio Version 16
VisualStudioVersion = 16.0.30517.126
MinimumVisualStudioVersion = 10.0.40219.1
Project("{FAE04EC0-301F-11D3-BF4B-00C04F79EFBC}") = "MatrixCalculator", "MatrixCalculator.csproj", "{61B02A2B-3A53-4D80-BE05-8D9528E32EC3}"
EndProject
Global
	GlobalSection(SolutionConfigurationPlatforms) = preSolution
		Debug|Any CPU = Debug|Any CPU
		Release|Any CPU = Release|Any CPU
	EndGlobalSection
	GlobalSection(ProjectConfigurationPlatforms) = postSolution
		{61B02A2B-3A53-4D80-BE05-8D9528E32EC3}.Debug|Any CPU.ActiveCfg = Debug|Any CPU
		{61B02A2B-3A53-4D80-BE05-8D9528E32EC3}.Debug|Any CPU.Build.0 = Debug|Any CPU
		{61B02A2B-3A53-4D80-BE05-8D9528E32EC3}.Release|Any CPU.ActiveCfg = Release|Any CPU
		{61B02A2B-3A53-4D80-BE05-8D9528E32EC3}.Release|Any CPU.Build.0 = Release|Any CPU
	EndGlobalSection
	GlobalSection(SolutionProperties) = preSolution
		HideSolutionNode = FALSE
	EndGlobalSection
	GlobalSection(ExtensibilityGlobals) = postSolution
		SolutionGuid = {DC1C404C-56D8-4B84-ACF9-83D5C98A31F7}
	EndGlobalSection
EndGlobal
